// !$*UTF8*$!
{
	archiveVersion = 1;
	classes = {
	};
	objectVersion = 50;
	objects = {

/* Begin PBXBuildFile section */
		18052DC621D20F990086F485 /* 434. NumberOfSegmentsInAString.swift in Sources */ = {isa = PBXBuildFile; fileRef = 18052DC521D20F990086F485 /* 434. NumberOfSegmentsInAString.swift */; };
		18052DC821D220E10086F485 /* 806. NumberOfLinesToWriteString.swift in Sources */ = {isa = PBXBuildFile; fileRef = 18052DC721D220E10086F485 /* 806. NumberOfLinesToWriteString.swift */; };
		1812C96A2321E6830079C43D /* 290. WordPattern.swift in Sources */ = {isa = PBXBuildFile; fileRef = 1812C9692321E6830079C43D /* 290. WordPattern.swift */; };
		1814F1BB23209E70002E1825 /* 231. PowerOfTwo.swift in Sources */ = {isa = PBXBuildFile; fileRef = 1814F1BA23209E70002E1825 /* 231. PowerOfTwo.swift */; };
		1814F1BD23209FA4002E1825 /* 155. MinStack.swift in Sources */ = {isa = PBXBuildFile; fileRef = 1814F1BC23209FA4002E1825 /* 155. MinStack.swift */; };
		1814F1BF2320B005002E1825 /* 292. NimGame.swift in Sources */ = {isa = PBXBuildFile; fileRef = 1814F1BE2320B005002E1825 /* 292. NimGame.swift */; };
		1814F5F121D07F6E005405E9 /* 344. ReverseString.swift in Sources */ = {isa = PBXBuildFile; fileRef = 1814F5F021D07F6E005405E9 /* 344. ReverseString.swift */; };
		1814F5F321D08149005405E9 /* 557. ReverseWordsinaStringIII.swift in Sources */ = {isa = PBXBuildFile; fileRef = 1814F5F221D08149005405E9 /* 557. ReverseWordsinaStringIII.swift */; };
		1814F5F521D08E4D005405E9 /* 66. PlusOne.swift in Sources */ = {isa = PBXBuildFile; fileRef = 1814F5F421D08E4D005405E9 /* 66. PlusOne.swift */; };
		181795FB231F4B930043074A /* 206. ReverseLinkedList.swift in Sources */ = {isa = PBXBuildFile; fileRef = 181795FA231F4B930043074A /* 206. ReverseLinkedList.swift */; };
		182EDDD821DC6B3900A66A94 /* 831. MaskingPersonalInformation.swift in Sources */ = {isa = PBXBuildFile; fileRef = 182EDDD721DC6B3900A66A94 /* 831. MaskingPersonalInformation.swift */; };
		184E145F21DEFB1A00E2DD11 /* 283. MoveZeroes.swift in Sources */ = {isa = PBXBuildFile; fileRef = 184E145E21DEFB1A00E2DD11 /* 283. MoveZeroes.swift */; };
		184E146121DEFEC300E2DD11 /* 268. MissingNumber.swift in Sources */ = {isa = PBXBuildFile; fileRef = 184E146021DEFEC300E2DD11 /* 268. MissingNumber.swift */; };
		184E146321DF034400E2DD11 /* 414. ThirdMaximumNumber.swift in Sources */ = {isa = PBXBuildFile; fileRef = 184E146221DF034400E2DD11 /* 414. ThirdMaximumNumber.swift */; };
		185EB0822317708D003474CC /* 914. XOfAKindInADeckOfCards.swift in Sources */ = {isa = PBXBuildFile; fileRef = 185EB0812317708D003474CC /* 914. XOfAKindInADeckOfCards.swift */; };
		185EB08423177DA7003474CC /* 985. SumOfEvenNumbersAfterQueries.swift in Sources */ = {isa = PBXBuildFile; fileRef = 185EB08323177DA7003474CC /* 985. SumOfEvenNumbersAfterQueries.swift */; };
		186AA90B21D715DA008A8FC4 /* 17. LetterCombinationsOfAPhoneNumber.swift in Sources */ = {isa = PBXBuildFile; fileRef = 186AA90A21D715DA008A8FC4 /* 17. LetterCombinationsOfAPhoneNumber.swift */; };
		1892A9BE231CA688003516ED /* 121. BestTimeToBuyAndSellStock.swift in Sources */ = {isa = PBXBuildFile; fileRef = 1892A9BD231CA688003516ED /* 121. BestTimeToBuyAndSellStock.swift */; };
		1892A9C0231CB595003516ED /* 122. BestTimeToBuyAndSellStock II.swift in Sources */ = {isa = PBXBuildFile; fileRef = 1892A9BF231CB595003516ED /* 122. BestTimeToBuyAndSellStock II.swift */; };
		1892A9C2231CC025003516ED /* 169. MajorityElement.swift in Sources */ = {isa = PBXBuildFile; fileRef = 1892A9C1231CC025003516ED /* 169. MajorityElement.swift */; };
		18A9A9CC2329E0A500A30408 /* 104. MaximumDepthOfBinaryTree.swift in Sources */ = {isa = PBXBuildFile; fileRef = 18A9A9CB2329E0A500A30408 /* 104. MaximumDepthOfBinaryTree.swift */; };
		18A9A9CE2329E89A00A30408 /* 238. ProductOfArrayExceptSelf.swift in Sources */ = {isa = PBXBuildFile; fileRef = 18A9A9CD2329E89A00A30408 /* 238. ProductOfArrayExceptSelf.swift */; };
		18A9A9D2232A2C9600A30408 /* 15. 3Sum.swift in Sources */ = {isa = PBXBuildFile; fileRef = 18A9A9D1232A2C9600A30408 /* 15. 3Sum.swift */; };
		18AE5C3621E58E3A0091703F /* 746. MinCostClimbingStairs.swift in Sources */ = {isa = PBXBuildFile; fileRef = 18AE5C3521E58E3A0091703F /* 746. MinCostClimbingStairs.swift */; };
		18B9DBA121E2DEB700D1EF23 /* 628. MaximumProductOfThreeNumbers.swift in Sources */ = {isa = PBXBuildFile; fileRef = 18B9DBA021E2DEB700D1EF23 /* 628. MaximumProductOfThreeNumbers.swift */; };
		18B9DBA321E2E7D000D1EF23 /* 485. MaxConsecutiveOnes.swift in Sources */ = {isa = PBXBuildFile; fileRef = 18B9DBA221E2E7D000D1EF23 /* 485. MaxConsecutiveOnes.swift */; };
		18B9DBA521E2EB7900D1EF23 /* 905. SortArrayByParity.swift in Sources */ = {isa = PBXBuildFile; fileRef = 18B9DBA421E2EB7900D1EF23 /* 905. SortArrayByParity.swift */; };
		18BC0F18231DF3BC00213E41 /* 136. SingleNumber.swift in Sources */ = {isa = PBXBuildFile; fileRef = 18BC0F17231DF3BC00213E41 /* 136. SingleNumber.swift */; };
		18BC0F1A231DF7AD00213E41 /* 70. ClimbingStairs.swift in Sources */ = {isa = PBXBuildFile; fileRef = 18BC0F19231DF7AD00213E41 /* 70. ClimbingStairs.swift */; };
		18BC0F1C231E00C200213E41 /* 78. Subsets.swift in Sources */ = {isa = PBXBuildFile; fileRef = 18BC0F1B231E00C200213E41 /* 78. Subsets.swift */; };
		18EAF72221CC8043009660C1 /* AppDelegate.swift in Sources */ = {isa = PBXBuildFile; fileRef = 18EAF72121CC8043009660C1 /* AppDelegate.swift */; };
		18EAF72421CC8043009660C1 /* ViewController.swift in Sources */ = {isa = PBXBuildFile; fileRef = 18EAF72321CC8043009660C1 /* ViewController.swift */; };
		18EAF72721CC8043009660C1 /* Main.storyboard in Resources */ = {isa = PBXBuildFile; fileRef = 18EAF72521CC8043009660C1 /* Main.storyboard */; };
		18EAF72921CC8047009660C1 /* Assets.xcassets in Resources */ = {isa = PBXBuildFile; fileRef = 18EAF72821CC8047009660C1 /* Assets.xcassets */; };
		18EAF72C21CC8047009660C1 /* LaunchScreen.storyboard in Resources */ = {isa = PBXBuildFile; fileRef = 18EAF72A21CC8047009660C1 /* LaunchScreen.storyboard */; };
		18EAF73721CC8047009660C1 /* leetcodeTests.swift in Sources */ = {isa = PBXBuildFile; fileRef = 18EAF73621CC8047009660C1 /* leetcodeTests.swift */; };
		18EAF74221CC8047009660C1 /* leetcodeUITests.swift in Sources */ = {isa = PBXBuildFile; fileRef = 18EAF74121CC8047009660C1 /* leetcodeUITests.swift */; };
		18EAF75021CC8071009660C1 /* 796. RotateString.swift in Sources */ = {isa = PBXBuildFile; fileRef = 18EAF74F21CC8071009660C1 /* 796. RotateString.swift */; };
		18EAF75221CC8401009660C1 /* 189. RotateArray.swift in Sources */ = {isa = PBXBuildFile; fileRef = 18EAF75121CC8401009660C1 /* 189. RotateArray.swift */; };
		18EAF75421CC92B3009660C1 /* 709. ToLowerCase.swift in Sources */ = {isa = PBXBuildFile; fileRef = 18EAF75321CC92B3009660C1 /* 709. ToLowerCase.swift */; };
		18EFB1152319014800BA8717 /* 977. SquaresOfASortedArray.swift in Sources */ = {isa = PBXBuildFile; fileRef = 18EFB1142319014800BA8717 /* 977. SquaresOfASortedArray.swift */; };
		18EFB1172319136300BA8717 /* 217. ContainsDuplicate.swift in Sources */ = {isa = PBXBuildFile; fileRef = 18EFB1162319136300BA8717 /* 217. ContainsDuplicate.swift */; };
		18F2C92D21DDB15200B3FFFA /* 1. TwoSum.swift in Sources */ = {isa = PBXBuildFile; fileRef = 18F2C92C21DDB15200B3FFFA /* 1. TwoSum.swift */; };
/* End PBXBuildFile section */

/* Begin PBXContainerItemProxy section */
		18EAF73321CC8047009660C1 /* PBXContainerItemProxy */ = {
			isa = PBXContainerItemProxy;
			containerPortal = 18EAF71621CC8043009660C1 /* Project object */;
			proxyType = 1;
			remoteGlobalIDString = 18EAF71D21CC8043009660C1;
			remoteInfo = leetcode;
		};
		18EAF73E21CC8047009660C1 /* PBXContainerItemProxy */ = {
			isa = PBXContainerItemProxy;
			containerPortal = 18EAF71621CC8043009660C1 /* Project object */;
			proxyType = 1;
			remoteGlobalIDString = 18EAF71D21CC8043009660C1;
			remoteInfo = leetcode;
		};
/* End PBXContainerItemProxy section */

/* Begin PBXFileReference section */
		18052DC521D20F990086F485 /* 434. NumberOfSegmentsInAString.swift */ = {isa = PBXFileReference; lastKnownFileType = sourcecode.swift; path = "434. NumberOfSegmentsInAString.swift"; sourceTree = "<group>"; };
		18052DC721D220E10086F485 /* 806. NumberOfLinesToWriteString.swift */ = {isa = PBXFileReference; lastKnownFileType = sourcecode.swift; path = "806. NumberOfLinesToWriteString.swift"; sourceTree = "<group>"; };
		1812C9692321E6830079C43D /* 290. WordPattern.swift */ = {isa = PBXFileReference; lastKnownFileType = sourcecode.swift; path = "290. WordPattern.swift"; sourceTree = "<group>"; };
		1814F1BA23209E70002E1825 /* 231. PowerOfTwo.swift */ = {isa = PBXFileReference; lastKnownFileType = sourcecode.swift; path = "231. PowerOfTwo.swift"; sourceTree = "<group>"; };
		1814F1BC23209FA4002E1825 /* 155. MinStack.swift */ = {isa = PBXFileReference; lastKnownFileType = sourcecode.swift; path = "155. MinStack.swift"; sourceTree = "<group>"; };
		1814F1BE2320B005002E1825 /* 292. NimGame.swift */ = {isa = PBXFileReference; lastKnownFileType = sourcecode.swift; path = "292. NimGame.swift"; sourceTree = "<group>"; };
		1814F5F021D07F6E005405E9 /* 344. ReverseString.swift */ = {isa = PBXFileReference; lastKnownFileType = sourcecode.swift; path = "344. ReverseString.swift"; sourceTree = "<group>"; };
		1814F5F221D08149005405E9 /* 557. ReverseWordsinaStringIII.swift */ = {isa = PBXFileReference; lastKnownFileType = sourcecode.swift; path = "557. ReverseWordsinaStringIII.swift"; sourceTree = "<group>"; };
		1814F5F421D08E4D005405E9 /* 66. PlusOne.swift */ = {isa = PBXFileReference; lastKnownFileType = sourcecode.swift; path = "66. PlusOne.swift"; sourceTree = "<group>"; };
		181795FA231F4B930043074A /* 206. ReverseLinkedList.swift */ = {isa = PBXFileReference; lastKnownFileType = sourcecode.swift; path = "206. ReverseLinkedList.swift"; sourceTree = "<group>"; };
		182EDDD721DC6B3900A66A94 /* 831. MaskingPersonalInformation.swift */ = {isa = PBXFileReference; lastKnownFileType = sourcecode.swift; path = "831. MaskingPersonalInformation.swift"; sourceTree = "<group>"; };
		184E145E21DEFB1A00E2DD11 /* 283. MoveZeroes.swift */ = {isa = PBXFileReference; lastKnownFileType = sourcecode.swift; path = "283. MoveZeroes.swift"; sourceTree = "<group>"; };
		184E146021DEFEC300E2DD11 /* 268. MissingNumber.swift */ = {isa = PBXFileReference; lastKnownFileType = sourcecode.swift; path = "268. MissingNumber.swift"; sourceTree = "<group>"; };
		184E146221DF034400E2DD11 /* 414. ThirdMaximumNumber.swift */ = {isa = PBXFileReference; lastKnownFileType = sourcecode.swift; path = "414. ThirdMaximumNumber.swift"; sourceTree = "<group>"; };
		185EB0812317708D003474CC /* 914. XOfAKindInADeckOfCards.swift */ = {isa = PBXFileReference; lastKnownFileType = sourcecode.swift; path = "914. XOfAKindInADeckOfCards.swift"; sourceTree = "<group>"; };
		185EB08323177DA7003474CC /* 985. SumOfEvenNumbersAfterQueries.swift */ = {isa = PBXFileReference; lastKnownFileType = sourcecode.swift; path = "985. SumOfEvenNumbersAfterQueries.swift"; sourceTree = "<group>"; };
		186AA90A21D715DA008A8FC4 /* 17. LetterCombinationsOfAPhoneNumber.swift */ = {isa = PBXFileReference; lastKnownFileType = sourcecode.swift; path = "17. LetterCombinationsOfAPhoneNumber.swift"; sourceTree = "<group>"; };
		1892A9BD231CA688003516ED /* 121. BestTimeToBuyAndSellStock.swift */ = {isa = PBXFileReference; lastKnownFileType = sourcecode.swift; path = "121. BestTimeToBuyAndSellStock.swift"; sourceTree = "<group>"; };
		1892A9BF231CB595003516ED /* 122. BestTimeToBuyAndSellStock II.swift */ = {isa = PBXFileReference; lastKnownFileType = sourcecode.swift; path = "122. BestTimeToBuyAndSellStock II.swift"; sourceTree = "<group>"; };
		1892A9C1231CC025003516ED /* 169. MajorityElement.swift */ = {isa = PBXFileReference; lastKnownFileType = sourcecode.swift; path = "169. MajorityElement.swift"; sourceTree = "<group>"; };
		18A9A9CB2329E0A500A30408 /* 104. MaximumDepthOfBinaryTree.swift */ = {isa = PBXFileReference; lastKnownFileType = sourcecode.swift; path = "104. MaximumDepthOfBinaryTree.swift"; sourceTree = "<group>"; };
		18A9A9CD2329E89A00A30408 /* 238. ProductOfArrayExceptSelf.swift */ = {isa = PBXFileReference; lastKnownFileType = sourcecode.swift; path = "238. ProductOfArrayExceptSelf.swift"; sourceTree = "<group>"; };
		18A9A9D1232A2C9600A30408 /* 15. 3Sum.swift */ = {isa = PBXFileReference; lastKnownFileType = sourcecode.swift; path = "15. 3Sum.swift"; sourceTree = "<group>"; };
		18AE5C3521E58E3A0091703F /* 746. MinCostClimbingStairs.swift */ = {isa = PBXFileReference; lastKnownFileType = sourcecode.swift; path = "746. MinCostClimbingStairs.swift"; sourceTree = "<group>"; };
		18B9DBA021E2DEB700D1EF23 /* 628. MaximumProductOfThreeNumbers.swift */ = {isa = PBXFileReference; lastKnownFileType = sourcecode.swift; path = "628. MaximumProductOfThreeNumbers.swift"; sourceTree = "<group>"; };
		18B9DBA221E2E7D000D1EF23 /* 485. MaxConsecutiveOnes.swift */ = {isa = PBXFileReference; lastKnownFileType = sourcecode.swift; path = "485. MaxConsecutiveOnes.swift"; sourceTree = "<group>"; };
		18B9DBA421E2EB7900D1EF23 /* 905. SortArrayByParity.swift */ = {isa = PBXFileReference; lastKnownFileType = sourcecode.swift; path = "905. SortArrayByParity.swift"; sourceTree = "<group>"; };
		18BC0F17231DF3BC00213E41 /* 136. SingleNumber.swift */ = {isa = PBXFileReference; lastKnownFileType = sourcecode.swift; path = "136. SingleNumber.swift"; sourceTree = "<group>"; };
		18BC0F19231DF7AD00213E41 /* 70. ClimbingStairs.swift */ = {isa = PBXFileReference; lastKnownFileType = sourcecode.swift; path = "70. ClimbingStairs.swift"; sourceTree = "<group>"; };
		18BC0F1B231E00C200213E41 /* 78. Subsets.swift */ = {isa = PBXFileReference; lastKnownFileType = sourcecode.swift; path = "78. Subsets.swift"; sourceTree = "<group>"; };
		18EAF71E21CC8043009660C1 /* leetcode.app */ = {isa = PBXFileReference; explicitFileType = wrapper.application; includeInIndex = 0; path = leetcode.app; sourceTree = BUILT_PRODUCTS_DIR; };
		18EAF72121CC8043009660C1 /* AppDelegate.swift */ = {isa = PBXFileReference; lastKnownFileType = sourcecode.swift; path = AppDelegate.swift; sourceTree = "<group>"; };
		18EAF72321CC8043009660C1 /* ViewController.swift */ = {isa = PBXFileReference; lastKnownFileType = sourcecode.swift; path = ViewController.swift; sourceTree = "<group>"; };
		18EAF72621CC8043009660C1 /* Base */ = {isa = PBXFileReference; lastKnownFileType = file.storyboard; name = Base; path = Base.lproj/Main.storyboard; sourceTree = "<group>"; };
		18EAF72821CC8047009660C1 /* Assets.xcassets */ = {isa = PBXFileReference; lastKnownFileType = folder.assetcatalog; path = Assets.xcassets; sourceTree = "<group>"; };
		18EAF72B21CC8047009660C1 /* Base */ = {isa = PBXFileReference; lastKnownFileType = file.storyboard; name = Base; path = Base.lproj/LaunchScreen.storyboard; sourceTree = "<group>"; };
		18EAF72D21CC8047009660C1 /* Info.plist */ = {isa = PBXFileReference; lastKnownFileType = text.plist.xml; path = Info.plist; sourceTree = "<group>"; };
		18EAF73221CC8047009660C1 /* leetcodeTests.xctest */ = {isa = PBXFileReference; explicitFileType = wrapper.cfbundle; includeInIndex = 0; path = leetcodeTests.xctest; sourceTree = BUILT_PRODUCTS_DIR; };
		18EAF73621CC8047009660C1 /* leetcodeTests.swift */ = {isa = PBXFileReference; lastKnownFileType = sourcecode.swift; path = leetcodeTests.swift; sourceTree = "<group>"; };
		18EAF73821CC8047009660C1 /* Info.plist */ = {isa = PBXFileReference; lastKnownFileType = text.plist.xml; path = Info.plist; sourceTree = "<group>"; };
		18EAF73D21CC8047009660C1 /* leetcodeUITests.xctest */ = {isa = PBXFileReference; explicitFileType = wrapper.cfbundle; includeInIndex = 0; path = leetcodeUITests.xctest; sourceTree = BUILT_PRODUCTS_DIR; };
		18EAF74121CC8047009660C1 /* leetcodeUITests.swift */ = {isa = PBXFileReference; lastKnownFileType = sourcecode.swift; path = leetcodeUITests.swift; sourceTree = "<group>"; };
		18EAF74321CC8047009660C1 /* Info.plist */ = {isa = PBXFileReference; lastKnownFileType = text.plist.xml; path = Info.plist; sourceTree = "<group>"; };
		18EAF74F21CC8071009660C1 /* 796. RotateString.swift */ = {isa = PBXFileReference; lastKnownFileType = sourcecode.swift; path = "796. RotateString.swift"; sourceTree = "<group>"; };
		18EAF75121CC8401009660C1 /* 189. RotateArray.swift */ = {isa = PBXFileReference; lastKnownFileType = sourcecode.swift; path = "189. RotateArray.swift"; sourceTree = "<group>"; };
		18EAF75321CC92B3009660C1 /* 709. ToLowerCase.swift */ = {isa = PBXFileReference; lastKnownFileType = sourcecode.swift; path = "709. ToLowerCase.swift"; sourceTree = "<group>"; };
		18EFB1142319014800BA8717 /* 977. SquaresOfASortedArray.swift */ = {isa = PBXFileReference; lastKnownFileType = sourcecode.swift; path = "977. SquaresOfASortedArray.swift"; sourceTree = "<group>"; };
		18EFB1162319136300BA8717 /* 217. ContainsDuplicate.swift */ = {isa = PBXFileReference; lastKnownFileType = sourcecode.swift; path = "217. ContainsDuplicate.swift"; sourceTree = "<group>"; };
		18F2C92C21DDB15200B3FFFA /* 1. TwoSum.swift */ = {isa = PBXFileReference; lastKnownFileType = sourcecode.swift; path = "1. TwoSum.swift"; sourceTree = "<group>"; };
/* End PBXFileReference section */

/* Begin PBXFrameworksBuildPhase section */
		18EAF71B21CC8043009660C1 /* Frameworks */ = {
			isa = PBXFrameworksBuildPhase;
			buildActionMask = 2147483647;
			files = (
			);
			runOnlyForDeploymentPostprocessing = 0;
		};
		18EAF72F21CC8047009660C1 /* Frameworks */ = {
			isa = PBXFrameworksBuildPhase;
			buildActionMask = 2147483647;
			files = (
			);
			runOnlyForDeploymentPostprocessing = 0;
		};
		18EAF73A21CC8047009660C1 /* Frameworks */ = {
			isa = PBXFrameworksBuildPhase;
			buildActionMask = 2147483647;
			files = (
			);
			runOnlyForDeploymentPostprocessing = 0;
		};
/* End PBXFrameworksBuildPhase section */

/* Begin PBXGroup section */
		184E145D21DEFB0C00E2DD11 /* Array */ = {
			isa = PBXGroup;
			children = (
				184E145E21DEFB1A00E2DD11 /* 283. MoveZeroes.swift */,
				184E146021DEFEC300E2DD11 /* 268. MissingNumber.swift */,
				184E146221DF034400E2DD11 /* 414. ThirdMaximumNumber.swift */,
				18B9DBA021E2DEB700D1EF23 /* 628. MaximumProductOfThreeNumbers.swift */,
				18B9DBA221E2E7D000D1EF23 /* 485. MaxConsecutiveOnes.swift */,
				18B9DBA421E2EB7900D1EF23 /* 905. SortArrayByParity.swift */,
				18AE5C3521E58E3A0091703F /* 746. MinCostClimbingStairs.swift */,
				185EB0812317708D003474CC /* 914. XOfAKindInADeckOfCards.swift */,
				185EB08323177DA7003474CC /* 985. SumOfEvenNumbersAfterQueries.swift */,
				18EFB1142319014800BA8717 /* 977. SquaresOfASortedArray.swift */,
				18EFB1162319136300BA8717 /* 217. ContainsDuplicate.swift */,
				1892A9BD231CA688003516ED /* 121. BestTimeToBuyAndSellStock.swift */,
				1892A9BF231CB595003516ED /* 122. BestTimeToBuyAndSellStock II.swift */,
				1892A9C1231CC025003516ED /* 169. MajorityElement.swift */,
				18BC0F1B231E00C200213E41 /* 78. Subsets.swift */,
			);
			path = Array;
			sourceTree = "<group>";
		};
		18EAF71521CC8043009660C1 = {
			isa = PBXGroup;
			children = (
				18EAF72021CC8043009660C1 /* leetcode */,
				18EAF73521CC8047009660C1 /* leetcodeTests */,
				18EAF74021CC8047009660C1 /* leetcodeUITests */,
				18EAF71F21CC8043009660C1 /* Products */,
			);
			sourceTree = "<group>";
		};
		18EAF71F21CC8043009660C1 /* Products */ = {
			isa = PBXGroup;
			children = (
				18EAF71E21CC8043009660C1 /* leetcode.app */,
				18EAF73221CC8047009660C1 /* leetcodeTests.xctest */,
				18EAF73D21CC8047009660C1 /* leetcodeUITests.xctest */,
			);
			name = Products;
			sourceTree = "<group>";
		};
		18EAF72021CC8043009660C1 /* leetcode */ = {
			isa = PBXGroup;
			children = (
				184E145D21DEFB0C00E2DD11 /* Array */,
				18EAF72121CC8043009660C1 /* AppDelegate.swift */,
				18EAF72321CC8043009660C1 /* ViewController.swift */,
				18EAF72521CC8043009660C1 /* Main.storyboard */,
				18EAF72821CC8047009660C1 /* Assets.xcassets */,
				18EAF72A21CC8047009660C1 /* LaunchScreen.storyboard */,
				18EAF72D21CC8047009660C1 /* Info.plist */,
				18EAF74F21CC8071009660C1 /* 796. RotateString.swift */,
				1812C9692321E6830079C43D /* 290. WordPattern.swift */,
				18A9A9CD2329E89A00A30408 /* 238. ProductOfArrayExceptSelf.swift */,
				1814F1BE2320B005002E1825 /* 292. NimGame.swift */,
				18A9A9CB2329E0A500A30408 /* 104. MaximumDepthOfBinaryTree.swift */,
				181795FA231F4B930043074A /* 206. ReverseLinkedList.swift */,
				1814F1BA23209E70002E1825 /* 231. PowerOfTwo.swift */,
				1814F1BC23209FA4002E1825 /* 155. MinStack.swift */,
				18BC0F17231DF3BC00213E41 /* 136. SingleNumber.swift */,
				18BC0F19231DF7AD00213E41 /* 70. ClimbingStairs.swift */,
				18EAF75121CC8401009660C1 /* 189. RotateArray.swift */,
				18EAF75321CC92B3009660C1 /* 709. ToLowerCase.swift */,
				1814F5F021D07F6E005405E9 /* 344. ReverseString.swift */,
				1814F5F221D08149005405E9 /* 557. ReverseWordsinaStringIII.swift */,
				1814F5F421D08E4D005405E9 /* 66. PlusOne.swift */,
				18052DC521D20F990086F485 /* 434. NumberOfSegmentsInAString.swift */,
				18052DC721D220E10086F485 /* 806. NumberOfLinesToWriteString.swift */,
				186AA90A21D715DA008A8FC4 /* 17. LetterCombinationsOfAPhoneNumber.swift */,
				182EDDD721DC6B3900A66A94 /* 831. MaskingPersonalInformation.swift */,
				18F2C92C21DDB15200B3FFFA /* 1. TwoSum.swift */,
				18A9A9D1232A2C9600A30408 /* 15. 3Sum.swift */,
			);
			path = leetcode;
			sourceTree = "<group>";
		};
		18EAF73521CC8047009660C1 /* leetcodeTests */ = {
			isa = PBXGroup;
			children = (
				18EAF73621CC8047009660C1 /* leetcodeTests.swift */,
				18EAF73821CC8047009660C1 /* Info.plist */,
			);
			path = leetcodeTests;
			sourceTree = "<group>";
		};
		18EAF74021CC8047009660C1 /* leetcodeUITests */ = {
			isa = PBXGroup;
			children = (
				18EAF74121CC8047009660C1 /* leetcodeUITests.swift */,
				18EAF74321CC8047009660C1 /* Info.plist */,
			);
			path = leetcodeUITests;
			sourceTree = "<group>";
		};
/* End PBXGroup section */

/* Begin PBXNativeTarget section */
		18EAF71D21CC8043009660C1 /* leetcode */ = {
			isa = PBXNativeTarget;
			buildConfigurationList = 18EAF74621CC8047009660C1 /* Build configuration list for PBXNativeTarget "leetcode" */;
			buildPhases = (
				18EAF71A21CC8043009660C1 /* Sources */,
				18EAF71B21CC8043009660C1 /* Frameworks */,
				18EAF71C21CC8043009660C1 /* Resources */,
			);
			buildRules = (
			);
			dependencies = (
			);
			name = leetcode;
			productName = leetcode;
			productReference = 18EAF71E21CC8043009660C1 /* leetcode.app */;
			productType = "com.apple.product-type.application";
		};
		18EAF73121CC8047009660C1 /* leetcodeTests */ = {
			isa = PBXNativeTarget;
			buildConfigurationList = 18EAF74921CC8047009660C1 /* Build configuration list for PBXNativeTarget "leetcodeTests" */;
			buildPhases = (
				18EAF72E21CC8047009660C1 /* Sources */,
				18EAF72F21CC8047009660C1 /* Frameworks */,
				18EAF73021CC8047009660C1 /* Resources */,
			);
			buildRules = (
			);
			dependencies = (
				18EAF73421CC8047009660C1 /* PBXTargetDependency */,
			);
			name = leetcodeTests;
			productName = leetcodeTests;
			productReference = 18EAF73221CC8047009660C1 /* leetcodeTests.xctest */;
			productType = "com.apple.product-type.bundle.unit-test";
		};
		18EAF73C21CC8047009660C1 /* leetcodeUITests */ = {
			isa = PBXNativeTarget;
			buildConfigurationList = 18EAF74C21CC8047009660C1 /* Build configuration list for PBXNativeTarget "leetcodeUITests" */;
			buildPhases = (
				18EAF73921CC8047009660C1 /* Sources */,
				18EAF73A21CC8047009660C1 /* Frameworks */,
				18EAF73B21CC8047009660C1 /* Resources */,
			);
			buildRules = (
			);
			dependencies = (
				18EAF73F21CC8047009660C1 /* PBXTargetDependency */,
			);
			name = leetcodeUITests;
			productName = leetcodeUITests;
			productReference = 18EAF73D21CC8047009660C1 /* leetcodeUITests.xctest */;
			productType = "com.apple.product-type.bundle.ui-testing";
		};
/* End PBXNativeTarget section */

/* Begin PBXProject section */
		18EAF71621CC8043009660C1 /* Project object */ = {
			isa = PBXProject;
			attributes = {
				LastSwiftUpdateCheck = 0930;
				LastUpgradeCheck = 0930;
				ORGANIZATIONNAME = "AiChen smart Windows and doors technology co., LTD";
				TargetAttributes = {
					18EAF71D21CC8043009660C1 = {
						CreatedOnToolsVersion = 9.3;
					};
					18EAF73121CC8047009660C1 = {
						CreatedOnToolsVersion = 9.3;
						TestTargetID = 18EAF71D21CC8043009660C1;
					};
					18EAF73C21CC8047009660C1 = {
						CreatedOnToolsVersion = 9.3;
						TestTargetID = 18EAF71D21CC8043009660C1;
					};
				};
			};
			buildConfigurationList = 18EAF71921CC8043009660C1 /* Build configuration list for PBXProject "leetcode" */;
			compatibilityVersion = "Xcode 9.3";
			developmentRegion = en;
			hasScannedForEncodings = 0;
			knownRegions = (
				en,
				Base,
			);
			mainGroup = 18EAF71521CC8043009660C1;
			productRefGroup = 18EAF71F21CC8043009660C1 /* Products */;
			projectDirPath = "";
			projectRoot = "";
			targets = (
				18EAF71D21CC8043009660C1 /* leetcode */,
				18EAF73121CC8047009660C1 /* leetcodeTests */,
				18EAF73C21CC8047009660C1 /* leetcodeUITests */,
			);
		};
/* End PBXProject section */

/* Begin PBXResourcesBuildPhase section */
		18EAF71C21CC8043009660C1 /* Resources */ = {
			isa = PBXResourcesBuildPhase;
			buildActionMask = 2147483647;
			files = (
				18EAF72C21CC8047009660C1 /* LaunchScreen.storyboard in Resources */,
				18EAF72921CC8047009660C1 /* Assets.xcassets in Resources */,
				18EAF72721CC8043009660C1 /* Main.storyboard in Resources */,
			);
			runOnlyForDeploymentPostprocessing = 0;
		};
		18EAF73021CC8047009660C1 /* Resources */ = {
			isa = PBXResourcesBuildPhase;
			buildActionMask = 2147483647;
			files = (
			);
			runOnlyForDeploymentPostprocessing = 0;
		};
		18EAF73B21CC8047009660C1 /* Resources */ = {
			isa = PBXResourcesBuildPhase;
			buildActionMask = 2147483647;
			files = (
			);
			runOnlyForDeploymentPostprocessing = 0;
		};
/* End PBXResourcesBuildPhase section */

/* Begin PBXSourcesBuildPhase section */
		18EAF71A21CC8043009660C1 /* Sources */ = {
			isa = PBXSourcesBuildPhase;
			buildActionMask = 2147483647;
			files = (
				18EAF72421CC8043009660C1 /* ViewController.swift in Sources */,
				184E146321DF034400E2DD11 /* 414. ThirdMaximumNumber.swift in Sources */,
				1814F1BF2320B005002E1825 /* 292. NimGame.swift in Sources */,
				1814F1BD23209FA4002E1825 /* 155. MinStack.swift in Sources */,
				1814F5F321D08149005405E9 /* 557. ReverseWordsinaStringIII.swift in Sources */,
				18F2C92D21DDB15200B3FFFA /* 1. TwoSum.swift in Sources */,
				18B9DBA521E2EB7900D1EF23 /* 905. SortArrayByParity.swift in Sources */,
				1814F5F121D07F6E005405E9 /* 344. ReverseString.swift in Sources */,
				18052DC621D20F990086F485 /* 434. NumberOfSegmentsInAString.swift in Sources */,
				1812C96A2321E6830079C43D /* 290. WordPattern.swift in Sources */,
				186AA90B21D715DA008A8FC4 /* 17. LetterCombinationsOfAPhoneNumber.swift in Sources */,
				181795FB231F4B930043074A /* 206. ReverseLinkedList.swift in Sources */,
				185EB08423177DA7003474CC /* 985. SumOfEvenNumbersAfterQueries.swift in Sources */,
				18A9A9D2232A2C9600A30408 /* 15. 3Sum.swift in Sources */,
				18EFB1172319136300BA8717 /* 217. ContainsDuplicate.swift in Sources */,
				18AE5C3621E58E3A0091703F /* 746. MinCostClimbingStairs.swift in Sources */,
				1892A9C2231CC025003516ED /* 169. MajorityElement.swift in Sources */,
				18EAF75421CC92B3009660C1 /* 709. ToLowerCase.swift in Sources */,
				18BC0F1A231DF7AD00213E41 /* 70. ClimbingStairs.swift in Sources */,
				18BC0F1C231E00C200213E41 /* 78. Subsets.swift in Sources */,
				1814F1BB23209E70002E1825 /* 231. PowerOfTwo.swift in Sources */,
				18EFB1152319014800BA8717 /* 977. SquaresOfASortedArray.swift in Sources */,
				185EB0822317708D003474CC /* 914. XOfAKindInADeckOfCards.swift in Sources */,
				1892A9C0231CB595003516ED /* 122. BestTimeToBuyAndSellStock II.swift in Sources */,
				18A9A9CE2329E89A00A30408 /* 238. ProductOfArrayExceptSelf.swift in Sources */,
				1814F5F521D08E4D005405E9 /* 66. PlusOne.swift in Sources */,
				1892A9BE231CA688003516ED /* 121. BestTimeToBuyAndSellStock.swift in Sources */,
				184E146121DEFEC300E2DD11 /* 268. MissingNumber.swift in Sources */,
				18A9A9CC2329E0A500A30408 /* 104. MaximumDepthOfBinaryTree.swift in Sources */,
				18052DC821D220E10086F485 /* 806. NumberOfLinesToWriteString.swift in Sources */,
				18B9DBA121E2DEB700D1EF23 /* 628. MaximumProductOfThreeNumbers.swift in Sources */,
				18BC0F18231DF3BC00213E41 /* 136. SingleNumber.swift in Sources */,
				18EAF75021CC8071009660C1 /* 796. RotateString.swift in Sources */,
				18EAF72221CC8043009660C1 /* AppDelegate.swift in Sources */,
				182EDDD821DC6B3900A66A94 /* 831. MaskingPersonalInformation.swift in Sources */,
				184E145F21DEFB1A00E2DD11 /* 283. MoveZeroes.swift in Sources */,
				18B9DBA321E2E7D000D1EF23 /* 485. MaxConsecutiveOnes.swift in Sources */,
				18EAF75221CC8401009660C1 /* 189. RotateArray.swift in Sources */,
			);
			runOnlyForDeploymentPostprocessing = 0;
		};
		18EAF72E21CC8047009660C1 /* Sources */ = {
			isa = PBXSourcesBuildPhase;
			buildActionMask = 2147483647;
			files = (
				18EAF73721CC8047009660C1 /* leetcodeTests.swift in Sources */,
			);
			runOnlyForDeploymentPostprocessing = 0;
		};
		18EAF73921CC8047009660C1 /* Sources */ = {
			isa = PBXSourcesBuildPhase;
			buildActionMask = 2147483647;
			files = (
				18EAF74221CC8047009660C1 /* leetcodeUITests.swift in Sources */,
			);
			runOnlyForDeploymentPostprocessing = 0;
		};
/* End PBXSourcesBuildPhase section */

/* Begin PBXTargetDependency section */
		18EAF73421CC8047009660C1 /* PBXTargetDependency */ = {
			isa = PBXTargetDependency;
			target = 18EAF71D21CC8043009660C1 /* leetcode */;
			targetProxy = 18EAF73321CC8047009660C1 /* PBXContainerItemProxy */;
		};
		18EAF73F21CC8047009660C1 /* PBXTargetDependency */ = {
			isa = PBXTargetDependency;
			target = 18EAF71D21CC8043009660C1 /* leetcode */;
			targetProxy = 18EAF73E21CC8047009660C1 /* PBXContainerItemProxy */;
		};
/* End PBXTargetDependency section */

/* Begin PBXVariantGroup section */
		18EAF72521CC8043009660C1 /* Main.storyboard */ = {
			isa = PBXVariantGroup;
			children = (
				18EAF72621CC8043009660C1 /* Base */,
			);
			name = Main.storyboard;
			sourceTree = "<group>";
		};
		18EAF72A21CC8047009660C1 /* LaunchScreen.storyboard */ = {
			isa = PBXVariantGroup;
			children = (
				18EAF72B21CC8047009660C1 /* Base */,
			);
			name = LaunchScreen.storyboard;
			sourceTree = "<group>";
		};
/* End PBXVariantGroup section */

/* Begin XCBuildConfiguration section */
		18EAF74421CC8047009660C1 /* Debug */ = {
			isa = XCBuildConfiguration;
			buildSettings = {
				ALWAYS_SEARCH_USER_PATHS = NO;
				CLANG_ANALYZER_NONNULL = YES;
				CLANG_ANALYZER_NUMBER_OBJECT_CONVERSION = YES_AGGRESSIVE;
				CLANG_CXX_LANGUAGE_STANDARD = "gnu++14";
				CLANG_CXX_LIBRARY = "libc++";
				CLANG_ENABLE_MODULES = YES;
				CLANG_ENABLE_OBJC_ARC = YES;
				CLANG_ENABLE_OBJC_WEAK = YES;
				CLANG_WARN_BLOCK_CAPTURE_AUTORELEASING = YES;
				CLANG_WARN_BOOL_CONVERSION = YES;
				CLANG_WARN_COMMA = YES;
				CLANG_WARN_CONSTANT_CONVERSION = YES;
				CLANG_WARN_DEPRECATED_OBJC_IMPLEMENTATIONS = YES;
				CLANG_WARN_DIRECT_OBJC_ISA_USAGE = YES_ERROR;
				CLANG_WARN_DOCUMENTATION_COMMENTS = YES;
				CLANG_WARN_EMPTY_BODY = YES;
				CLANG_WARN_ENUM_CONVERSION = YES;
				CLANG_WARN_INFINITE_RECURSION = YES;
				CLANG_WARN_INT_CONVERSION = YES;
				CLANG_WARN_NON_LITERAL_NULL_CONVERSION = YES;
				CLANG_WARN_OBJC_IMPLICIT_RETAIN_SELF = YES;
				CLANG_WARN_OBJC_LITERAL_CONVERSION = YES;
				CLANG_WARN_OBJC_ROOT_CLASS = YES_ERROR;
				CLANG_WARN_RANGE_LOOP_ANALYSIS = YES;
				CLANG_WARN_STRICT_PROTOTYPES = YES;
				CLANG_WARN_SUSPICIOUS_MOVE = YES;
				CLANG_WARN_UNGUARDED_AVAILABILITY = YES_AGGRESSIVE;
				CLANG_WARN_UNREACHABLE_CODE = YES;
				CLANG_WARN__DUPLICATE_METHOD_MATCH = YES;
				CODE_SIGN_IDENTITY = "iPhone Developer";
				COPY_PHASE_STRIP = NO;
				DEBUG_INFORMATION_FORMAT = dwarf;
				ENABLE_STRICT_OBJC_MSGSEND = YES;
				ENABLE_TESTABILITY = YES;
				GCC_C_LANGUAGE_STANDARD = gnu11;
				GCC_DYNAMIC_NO_PIC = NO;
				GCC_NO_COMMON_BLOCKS = YES;
				GCC_OPTIMIZATION_LEVEL = 0;
				GCC_PREPROCESSOR_DEFINITIONS = (
					"DEBUG=1",
					"$(inherited)",
				);
				GCC_WARN_64_TO_32_BIT_CONVERSION = YES;
				GCC_WARN_ABOUT_RETURN_TYPE = YES_ERROR;
				GCC_WARN_UNDECLARED_SELECTOR = YES;
				GCC_WARN_UNINITIALIZED_AUTOS = YES_AGGRESSIVE;
				GCC_WARN_UNUSED_FUNCTION = YES;
				GCC_WARN_UNUSED_VARIABLE = YES;
				IPHONEOS_DEPLOYMENT_TARGET = 11.3;
				MTL_ENABLE_DEBUG_INFO = YES;
				ONLY_ACTIVE_ARCH = YES;
				SDKROOT = iphoneos;
				SWIFT_ACTIVE_COMPILATION_CONDITIONS = DEBUG;
				SWIFT_OPTIMIZATION_LEVEL = "-Onone";
			};
			name = Debug;
		};
		18EAF74521CC8047009660C1 /* Release */ = {
			isa = XCBuildConfiguration;
			buildSettings = {
				ALWAYS_SEARCH_USER_PATHS = NO;
				CLANG_ANALYZER_NONNULL = YES;
				CLANG_ANALYZER_NUMBER_OBJECT_CONVERSION = YES_AGGRESSIVE;
				CLANG_CXX_LANGUAGE_STANDARD = "gnu++14";
				CLANG_CXX_LIBRARY = "libc++";
				CLANG_ENABLE_MODULES = YES;
				CLANG_ENABLE_OBJC_ARC = YES;
				CLANG_ENABLE_OBJC_WEAK = YES;
				CLANG_WARN_BLOCK_CAPTURE_AUTORELEASING = YES;
				CLANG_WARN_BOOL_CONVERSION = YES;
				CLANG_WARN_COMMA = YES;
				CLANG_WARN_CONSTANT_CONVERSION = YES;
				CLANG_WARN_DEPRECATED_OBJC_IMPLEMENTATIONS = YES;
				CLANG_WARN_DIRECT_OBJC_ISA_USAGE = YES_ERROR;
				CLANG_WARN_DOCUMENTATION_COMMENTS = YES;
				CLANG_WARN_EMPTY_BODY = YES;
				CLANG_WARN_ENUM_CONVERSION = YES;
				CLANG_WARN_INFINITE_RECURSION = YES;
				CLANG_WARN_INT_CONVERSION = YES;
				CLANG_WARN_NON_LITERAL_NULL_CONVERSION = YES;
				CLANG_WARN_OBJC_IMPLICIT_RETAIN_SELF = YES;
				CLANG_WARN_OBJC_LITERAL_CONVERSION = YES;
				CLANG_WARN_OBJC_ROOT_CLASS = YES_ERROR;
				CLANG_WARN_RANGE_LOOP_ANALYSIS = YES;
				CLANG_WARN_STRICT_PROTOTYPES = YES;
				CLANG_WARN_SUSPICIOUS_MOVE = YES;
				CLANG_WARN_UNGUARDED_AVAILABILITY = YES_AGGRESSIVE;
				CLANG_WARN_UNREACHABLE_CODE = YES;
				CLANG_WARN__DUPLICATE_METHOD_MATCH = YES;
				CODE_SIGN_IDENTITY = "iPhone Developer";
				COPY_PHASE_STRIP = NO;
				DEBUG_INFORMATION_FORMAT = "dwarf-with-dsym";
				ENABLE_NS_ASSERTIONS = NO;
				ENABLE_STRICT_OBJC_MSGSEND = YES;
				GCC_C_LANGUAGE_STANDARD = gnu11;
				GCC_NO_COMMON_BLOCKS = YES;
				GCC_WARN_64_TO_32_BIT_CONVERSION = YES;
				GCC_WARN_ABOUT_RETURN_TYPE = YES_ERROR;
				GCC_WARN_UNDECLARED_SELECTOR = YES;
				GCC_WARN_UNINITIALIZED_AUTOS = YES_AGGRESSIVE;
				GCC_WARN_UNUSED_FUNCTION = YES;
				GCC_WARN_UNUSED_VARIABLE = YES;
				IPHONEOS_DEPLOYMENT_TARGET = 11.3;
				MTL_ENABLE_DEBUG_INFO = NO;
				SDKROOT = iphoneos;
				SWIFT_COMPILATION_MODE = wholemodule;
				SWIFT_OPTIMIZATION_LEVEL = "-O";
				VALIDATE_PRODUCT = YES;
			};
			name = Release;
		};
		18EAF74721CC8047009660C1 /* Debug */ = {
			isa = XCBuildConfiguration;
			buildSettings = {
				ASSETCATALOG_COMPILER_APPICON_NAME = AppIcon;
				CODE_SIGN_STYLE = Automatic;
				DEVELOPMENT_TEAM = DSVBXGQ6V7;
				INFOPLIST_FILE = leetcode/Info.plist;
				IPHONEOS_DEPLOYMENT_TARGET = 9.3;
				LD_RUNPATH_SEARCH_PATHS = (
					"$(inherited)",
					"@executable_path/Frameworks",
				);
				PRODUCT_BUNDLE_IDENTIFIER = cn.CookBookMenu.www.leetcode;
				PRODUCT_NAME = "$(TARGET_NAME)";
				SWIFT_VERSION = 4.0;
				TARGETED_DEVICE_FAMILY = "1,2";
			};
			name = Debug;
		};
		18EAF74821CC8047009660C1 /* Release */ = {
			isa = XCBuildConfiguration;
			buildSettings = {
				ASSETCATALOG_COMPILER_APPICON_NAME = AppIcon;
				CODE_SIGN_STYLE = Automatic;
				DEVELOPMENT_TEAM = DSVBXGQ6V7;
				INFOPLIST_FILE = leetcode/Info.plist;
				IPHONEOS_DEPLOYMENT_TARGET = 9.3;
				LD_RUNPATH_SEARCH_PATHS = (
					"$(inherited)",
					"@executable_path/Frameworks",
				);
				PRODUCT_BUNDLE_IDENTIFIER = cn.CookBookMenu.www.leetcode;
				PRODUCT_NAME = "$(TARGET_NAME)";
				SWIFT_VERSION = 4.0;
				TARGETED_DEVICE_FAMILY = "1,2";
			};
			name = Release;
		};
		18EAF74A21CC8047009660C1 /* Debug */ = {
			isa = XCBuildConfiguration;
			buildSettings = {
				ALWAYS_EMBED_SWIFT_STANDARD_LIBRARIES = YES;
				BUNDLE_LOADER = "$(TEST_HOST)";
				CODE_SIGN_STYLE = Automatic;
				INFOPLIST_FILE = leetcodeTests/Info.plist;
				LD_RUNPATH_SEARCH_PATHS = (
					"$(inherited)",
					"@executable_path/Frameworks",
					"@loader_path/Frameworks",
				);
				PRODUCT_BUNDLE_IDENTIFIER = cn.CookBookMenu.www.leetcodeTests;
				PRODUCT_NAME = "$(TARGET_NAME)";
				SWIFT_VERSION = 4.0;
				TARGETED_DEVICE_FAMILY = "1,2";
				TEST_HOST = "$(BUILT_PRODUCTS_DIR)/leetcode.app/leetcode";
			};
			name = Debug;
		};
		18EAF74B21CC8047009660C1 /* Release */ = {
			isa = XCBuildConfiguration;
			buildSettings = {
				ALWAYS_EMBED_SWIFT_STANDARD_LIBRARIES = YES;
				BUNDLE_LOADER = "$(TEST_HOST)";
				CODE_SIGN_STYLE = Automatic;
				INFOPLIST_FILE = leetcodeTests/Info.plist;
				LD_RUNPATH_SEARCH_PATHS = (
					"$(inherited)",
					"@executable_path/Frameworks",
					"@loader_path/Frameworks",
				);
				PRODUCT_BUNDLE_IDENTIFIER = cn.CookBookMenu.www.leetcodeTests;
				PRODUCT_NAME = "$(TARGET_NAME)";
				SWIFT_VERSION = 4.0;
				TARGETED_DEVICE_FAMILY = "1,2";
				TEST_HOST = "$(BUILT_PRODUCTS_DIR)/leetcode.app/leetcode";
			};
			name = Release;
		};
		18EAF74D21CC8047009660C1 /* Debug */ = {
			isa = XCBuildConfiguration;
			buildSettings = {
				ALWAYS_EMBED_SWIFT_STANDARD_LIBRARIES = YES;
				CODE_SIGN_STYLE = Automatic;
				INFOPLIST_FILE = leetcodeUITests/Info.plist;
				LD_RUNPATH_SEARCH_PATHS = (
					"$(inherited)",
					"@executable_path/Frameworks",
					"@loader_path/Frameworks",
				);
				PRODUCT_BUNDLE_IDENTIFIER = cn.CookBookMenu.www.leetcodeUITests;
				PRODUCT_NAME = "$(TARGET_NAME)";
				SWIFT_VERSION = 4.0;
				TARGETED_DEVICE_FAMILY = "1,2";
				TEST_TARGET_NAME = leetcode;
			};
			name = Debug;
		};
		18EAF74E21CC8047009660C1 /* Release */ = {
			isa = XCBuildConfiguration;
			buildSettings = {
				ALWAYS_EMBED_SWIFT_STANDARD_LIBRARIES = YES;
				CODE_SIGN_STYLE = Automatic;
				INFOPLIST_FILE = leetcodeUITests/Info.plist;
				LD_RUNPATH_SEARCH_PATHS = (
					"$(inherited)",
					"@executable_path/Frameworks",
					"@loader_path/Frameworks",
				);
				PRODUCT_BUNDLE_IDENTIFIER = cn.CookBookMenu.www.leetcodeUITests;
				PRODUCT_NAME = "$(TARGET_NAME)";
				SWIFT_VERSION = 4.0;
				TARGETED_DEVICE_FAMILY = "1,2";
				TEST_TARGET_NAME = leetcode;
			};
			name = Release;
		};
/* End XCBuildConfiguration section */

/* Begin XCConfigurationList section */
		18EAF71921CC8043009660C1 /* Build configuration list for PBXProject "leetcode" */ = {
			isa = XCConfigurationList;
			buildConfigurations = (
				18EAF74421CC8047009660C1 /* Debug */,
				18EAF74521CC8047009660C1 /* Release */,
			);
			defaultConfigurationIsVisible = 0;
			defaultConfigurationName = Release;
		};
		18EAF74621CC8047009660C1 /* Build configuration list for PBXNativeTarget "leetcode" */ = {
			isa = XCConfigurationList;
			buildConfigurations = (
				18EAF74721CC8047009660C1 /* Debug */,
				18EAF74821CC8047009660C1 /* Release */,
			);
			defaultConfigurationIsVisible = 0;
			defaultConfigurationName = Release;
		};
		18EAF74921CC8047009660C1 /* Build configuration list for PBXNativeTarget "leetcodeTests" */ = {
			isa = XCConfigurationList;
			buildConfigurations = (
				18EAF74A21CC8047009660C1 /* Debug */,
				18EAF74B21CC8047009660C1 /* Release */,
			);
			defaultConfigurationIsVisible = 0;
			defaultConfigurationName = Release;
		};
		18EAF74C21CC8047009660C1 /* Build configuration list for PBXNativeTarget "leetcodeUITests" */ = {
			isa = XCConfigurationList;
			buildConfigurations = (
				18EAF74D21CC8047009660C1 /* Debug */,
				18EAF74E21CC8047009660C1 /* Release */,
			);
			defaultConfigurationIsVisible = 0;
			defaultConfigurationName = Release;
		};
/* End XCConfigurationList section */
	};
	rootObject = 18EAF71621CC8043009660C1 /* Project object */;
}
